// !$*UTF8*$!
{
	archiveVersion = 1;
	classes = {
	};
	objectVersion = 51;
	objects = {

/* Begin PBXBuildFile section */
		4123118D2401DD4F00375AAD /* AppDelegate.swift in Sources */ = {isa = PBXBuildFile; fileRef = 4123118C2401DD4F00375AAD /* AppDelegate.swift */; };
		4123118F2401DD4F00375AAD /* SceneDelegate.swift in Sources */ = {isa = PBXBuildFile; fileRef = 4123118E2401DD4F00375AAD /* SceneDelegate.swift */; };
		412311912401DD4F00375AAD /* ViewController.swift in Sources */ = {isa = PBXBuildFile; fileRef = 412311902401DD4F00375AAD /* ViewController.swift */; };
		412311942401DD4F00375AAD /* Main.storyboard in Resources */ = {isa = PBXBuildFile; fileRef = 412311922401DD4F00375AAD /* Main.storyboard */; };
		412311962401DD5100375AAD /* Assets.xcassets in Resources */ = {isa = PBXBuildFile; fileRef = 412311952401DD5100375AAD /* Assets.xcassets */; };
		412311992401DD5100375AAD /* LaunchScreen.storyboard in Resources */ = {isa = PBXBuildFile; fileRef = 412311972401DD5100375AAD /* LaunchScreen.storyboard */; };
		4146177424149007004618C9 /* Tiply_v0.1.xcdatamodeld in Sources */ = {isa = PBXBuildFile; fileRef = 4146177224149007004618C9 /* Tiply_v0.1.xcdatamodeld */; };
		4158461C24107B5C00B48876 /* WhoPaysViewController.swift in Sources */ = {isa = PBXBuildFile; fileRef = 4158461B24107B5C00B48876 /* WhoPaysViewController.swift */; };
		4158461E24107BAF00B48876 /* ReviewViewController.swift in Sources */ = {isa = PBXBuildFile; fileRef = 4158461D24107BAF00B48876 /* ReviewViewController.swift */; };
		4158462024107C9500B48876 /* ItemizationViewController.swift in Sources */ = {isa = PBXBuildFile; fileRef = 4158461F24107C9500B48876 /* ItemizationViewController.swift */; };
		6548B4D824196FE3006AD6C1 /* SwipeTableViewController.swift in Sources */ = {isa = PBXBuildFile; fileRef = 6548B4D724196FE3006AD6C1 /* SwipeTableViewController.swift */; };
		655CB8AE241ADC1E0074E61A /* Pods_Tiply_v0_1.framework in Frameworks */ = {isa = PBXBuildFile; fileRef = F066D5F6A3F68ABFAAA4D41B /* Pods_Tiply_v0_1.framework */; };
		655CB8AF241ADC1E0074E61A /* Pods_Tiply_v0_1.framework in Embed Frameworks */ = {isa = PBXBuildFile; fileRef = F066D5F6A3F68ABFAAA4D41B /* Pods_Tiply_v0_1.framework */; settings = {ATTRIBUTES = (RemoveHeadersOnCopy, ); }; };
		65B8BC13241334B50098B2F2 /* TipCalculatorViewController.swift in Sources */ = {isa = PBXBuildFile; fileRef = 65B8BC12241334B50098B2F2 /* TipCalculatorViewController.swift */; };
		65FFF9CD2419CDB700ED3EAE /* Roboto-Regular.ttf in Resources */ = {isa = PBXBuildFile; fileRef = 65FFF9C12419CD9B00ED3EAE /* Roboto-Regular.ttf */; };
/* End PBXBuildFile section */

/* Begin PBXCopyFilesBuildPhase section */
		655CB8B0241ADC1E0074E61A /* Embed Frameworks */ = {
			isa = PBXCopyFilesBuildPhase;
			buildActionMask = 2147483647;
			dstPath = "";
			dstSubfolderSpec = 10;
			files = (
				655CB8AF241ADC1E0074E61A /* Pods_Tiply_v0_1.framework in Embed Frameworks */,
			);
			name = "Embed Frameworks";
			runOnlyForDeploymentPostprocessing = 0;
		};
/* End PBXCopyFilesBuildPhase section */

/* Begin PBXFileReference section */
		412311892401DD4F00375AAD /* Tiply_v0.1.app */ = {isa = PBXFileReference; explicitFileType = wrapper.application; includeInIndex = 0; path = Tiply_v0.1.app; sourceTree = BUILT_PRODUCTS_DIR; };
		4123118C2401DD4F00375AAD /* AppDelegate.swift */ = {isa = PBXFileReference; lastKnownFileType = sourcecode.swift; path = AppDelegate.swift; sourceTree = "<group>"; };
		4123118E2401DD4F00375AAD /* SceneDelegate.swift */ = {isa = PBXFileReference; lastKnownFileType = sourcecode.swift; path = SceneDelegate.swift; sourceTree = "<group>"; };
		412311902401DD4F00375AAD /* ViewController.swift */ = {isa = PBXFileReference; lastKnownFileType = sourcecode.swift; path = ViewController.swift; sourceTree = "<group>"; };
		412311932401DD4F00375AAD /* Base */ = {isa = PBXFileReference; lastKnownFileType = file.storyboard; name = Base; path = Base.lproj/Main.storyboard; sourceTree = "<group>"; };
		412311952401DD5100375AAD /* Assets.xcassets */ = {isa = PBXFileReference; lastKnownFileType = folder.assetcatalog; path = Assets.xcassets; sourceTree = "<group>"; };
		412311982401DD5100375AAD /* Base */ = {isa = PBXFileReference; lastKnownFileType = file.storyboard; name = Base; path = Base.lproj/LaunchScreen.storyboard; sourceTree = "<group>"; };
		4123119A2401DD5100375AAD /* Info.plist */ = {isa = PBXFileReference; lastKnownFileType = text.plist.xml; path = Info.plist; sourceTree = "<group>"; };
		4146177324149007004618C9 /* Tiply_v0.1.xcdatamodel */ = {isa = PBXFileReference; lastKnownFileType = wrapper.xcdatamodel; path = Tiply_v0.1.xcdatamodel; sourceTree = "<group>"; };
		4158461B24107B5C00B48876 /* WhoPaysViewController.swift */ = {isa = PBXFileReference; lastKnownFileType = sourcecode.swift; path = WhoPaysViewController.swift; sourceTree = "<group>"; };
		4158461D24107BAF00B48876 /* ReviewViewController.swift */ = {isa = PBXFileReference; lastKnownFileType = sourcecode.swift; path = ReviewViewController.swift; sourceTree = "<group>"; };
		4158461F24107C9500B48876 /* ItemizationViewController.swift */ = {isa = PBXFileReference; lastKnownFileType = sourcecode.swift; path = ItemizationViewController.swift; sourceTree = "<group>"; };
		6548B4D724196FE3006AD6C1 /* SwipeTableViewController.swift */ = {isa = PBXFileReference; lastKnownFileType = sourcecode.swift; path = SwipeTableViewController.swift; sourceTree = "<group>"; };
		655CB8AA241ADB030074E61A /* SwipeCellKit.framework */ = {isa = PBXFileReference; explicitFileType = wrapper.framework; path = SwipeCellKit.framework; sourceTree = BUILT_PRODUCTS_DIR; };
		658D9CD184AB113E41D5FD74 /* Pods-Tiply_v0.1.debug.xcconfig */ = {isa = PBXFileReference; includeInIndex = 1; lastKnownFileType = text.xcconfig; name = "Pods-Tiply_v0.1.debug.xcconfig"; path = "Target Support Files/Pods-Tiply_v0.1/Pods-Tiply_v0.1.debug.xcconfig"; sourceTree = "<group>"; };
		65B8BC12241334B50098B2F2 /* TipCalculatorViewController.swift */ = {isa = PBXFileReference; lastKnownFileType = sourcecode.swift; path = TipCalculatorViewController.swift; sourceTree = "<group>"; };
		65FFF9C12419CD9B00ED3EAE /* Roboto-Regular.ttf */ = {isa = PBXFileReference; lastKnownFileType = file; path = "Roboto-Regular.ttf"; sourceTree = "<group>"; };
		9D761494CDD25B055F653153 /* Pods-Tiply_v0.1.release.xcconfig */ = {isa = PBXFileReference; includeInIndex = 1; lastKnownFileType = text.xcconfig; name = "Pods-Tiply_v0.1.release.xcconfig"; path = "Target Support Files/Pods-Tiply_v0.1/Pods-Tiply_v0.1.release.xcconfig"; sourceTree = "<group>"; };
		F066D5F6A3F68ABFAAA4D41B /* Pods_Tiply_v0_1.framework */ = {isa = PBXFileReference; explicitFileType = wrapper.framework; includeInIndex = 0; path = Pods_Tiply_v0_1.framework; sourceTree = BUILT_PRODUCTS_DIR; };
/* End PBXFileReference section */

/* Begin PBXFrameworksBuildPhase section */
		412311862401DD4F00375AAD /* Frameworks */ = {
			isa = PBXFrameworksBuildPhase;
			buildActionMask = 2147483647;
			files = (
				655CB8AE241ADC1E0074E61A /* Pods_Tiply_v0_1.framework in Frameworks */,
			);
			runOnlyForDeploymentPostprocessing = 0;
		};
/* End PBXFrameworksBuildPhase section */

/* Begin PBXGroup section */
		323D2D9599A914184F0F0007 /* Frameworks */ = {
			isa = PBXGroup;
			children = (
				655CB8AA241ADB030074E61A /* SwipeCellKit.framework */,
				F066D5F6A3F68ABFAAA4D41B /* Pods_Tiply_v0_1.framework */,
			);
			name = Frameworks;
			sourceTree = "<group>";
		};
		412311802401DD4F00375AAD = {
			isa = PBXGroup;
			children = (
				4123118B2401DD4F00375AAD /* Tiply_v0.1 */,
				4123118A2401DD4F00375AAD /* Products */,
				90FC3D9A5344235655FCD59B /* Pods */,
				323D2D9599A914184F0F0007 /* Frameworks */,
			);
			sourceTree = "<group>";
		};
		4123118A2401DD4F00375AAD /* Products */ = {
			isa = PBXGroup;
			children = (
				412311892401DD4F00375AAD /* Tiply_v0.1.app */,
			);
			name = Products;
			sourceTree = "<group>";
		};
		4123118B2401DD4F00375AAD /* Tiply_v0.1 */ = {
			isa = PBXGroup;
			children = (
				4123118E2401DD4F00375AAD /* SceneDelegate.swift */,
				4123118C2401DD4F00375AAD /* AppDelegate.swift */,
				65DF0B06241990D700AF402F /* Controllers */,
				65DF0B08241990F200AF402F /* Data Model */,
				65DF0B07241990E400AF402F /* Views */,
				412311952401DD5100375AAD /* Assets.xcassets */,
				4123119A2401DD5100375AAD /* Info.plist */,
				65FFF99F2419CD5400ED3EAE /* Fonts */,
			);
			path = Tiply_v0.1;
			sourceTree = "<group>";
		};
		65DF0B06241990D700AF402F /* Controllers */ = {
			isa = PBXGroup;
			children = (
				4158461B24107B5C00B48876 /* WhoPaysViewController.swift */,
				412311902401DD4F00375AAD /* ViewController.swift */,
				4158461F24107C9500B48876 /* ItemizationViewController.swift */,
				4158461D24107BAF00B48876 /* ReviewViewController.swift */,
				65B8BC12241334B50098B2F2 /* TipCalculatorViewController.swift */,
				6548B4D724196FE3006AD6C1 /* SwipeTableViewController.swift */,
			);
			path = Controllers;
			sourceTree = "<group>";
		};
		65DF0B07241990E400AF402F /* Views */ = {
			isa = PBXGroup;
			children = (
				412311922401DD4F00375AAD /* Main.storyboard */,
				412311972401DD5100375AAD /* LaunchScreen.storyboard */,
			);
			path = Views;
			sourceTree = "<group>";
		};
		65DF0B08241990F200AF402F /* Data Model */ = {
			isa = PBXGroup;
			children = (
				4146177224149007004618C9 /* Tiply_v0.1.xcdatamodeld */,
			);
			path = "Data Model";
			sourceTree = "<group>";
		};
		65FFF99F2419CD5400ED3EAE /* Fonts */ = {
			isa = PBXGroup;
			children = (
				65FFF9C12419CD9B00ED3EAE /* Roboto-Regular.ttf */,
			);
			path = Fonts;
			sourceTree = "<group>";
		};
		90FC3D9A5344235655FCD59B /* Pods */ = {
			isa = PBXGroup;
			children = (
				658D9CD184AB113E41D5FD74 /* Pods-Tiply_v0.1.debug.xcconfig */,
				9D761494CDD25B055F653153 /* Pods-Tiply_v0.1.release.xcconfig */,
			);
			path = Pods;
			sourceTree = "<group>";
		};
/* End PBXGroup section */

/* Begin PBXNativeTarget section */
		412311882401DD4F00375AAD /* Tiply_v0.1 */ = {
			isa = PBXNativeTarget;
			buildConfigurationList = 4123119D2401DD5100375AAD /* Build configuration list for PBXNativeTarget "Tiply_v0.1" */;
			buildPhases = (
				5609FB3B15B2B974F2F8C28E /* [CP] Check Pods Manifest.lock */,
				412311852401DD4F00375AAD /* Sources */,
				412311862401DD4F00375AAD /* Frameworks */,
				412311872401DD4F00375AAD /* Resources */,
				33C0035D764FFBB2116F91F5 /* [CP] Embed Pods Frameworks */,
				655CB8B0241ADC1E0074E61A /* Embed Frameworks */,
			);
			buildRules = (
			);
			dependencies = (
			);
			name = Tiply_v0.1;
			productName = Tiply_v0.1;
			productReference = 412311892401DD4F00375AAD /* Tiply_v0.1.app */;
			productType = "com.apple.product-type.application";
		};
/* End PBXNativeTarget section */

/* Begin PBXProject section */
		412311812401DD4F00375AAD /* Project object */ = {
			isa = PBXProject;
			attributes = {
				LastSwiftUpdateCheck = 1130;
				LastUpgradeCheck = 1130;
				ORGANIZATIONNAME = "Syed Ali";
				TargetAttributes = {
					412311882401DD4F00375AAD = {
						CreatedOnToolsVersion = 11.3;
					};
				};
			};
			buildConfigurationList = 412311842401DD4F00375AAD /* Build configuration list for PBXProject "Tiply_v0.1" */;
			compatibilityVersion = "Xcode 9.3";
			developmentRegion = en;
			hasScannedForEncodings = 0;
			knownRegions = (
				en,
				Base,
			);
			mainGroup = 412311802401DD4F00375AAD;
			productRefGroup = 4123118A2401DD4F00375AAD /* Products */;
			projectDirPath = "";
			projectRoot = "";
			targets = (
				412311882401DD4F00375AAD /* Tiply_v0.1 */,
			);
		};
/* End PBXProject section */

/* Begin PBXResourcesBuildPhase section */
		412311872401DD4F00375AAD /* Resources */ = {
			isa = PBXResourcesBuildPhase;
			buildActionMask = 2147483647;
			files = (
				412311992401DD5100375AAD /* LaunchScreen.storyboard in Resources */,
				412311962401DD5100375AAD /* Assets.xcassets in Resources */,
				412311942401DD4F00375AAD /* Main.storyboard in Resources */,
				65FFF9CD2419CDB700ED3EAE /* Roboto-Regular.ttf in Resources */,
			);
			runOnlyForDeploymentPostprocessing = 0;
		};
/* End PBXResourcesBuildPhase section */

/* Begin PBXShellScriptBuildPhase section */
		33C0035D764FFBB2116F91F5 /* [CP] Embed Pods Frameworks */ = {
			isa = PBXShellScriptBuildPhase;
			buildActionMask = 2147483647;
			files = (
			);
			inputFileListPaths = (
				"${PODS_ROOT}/Target Support Files/Pods-Tiply_v0.1/Pods-Tiply_v0.1-frameworks-${CONFIGURATION}-input-files.xcfilelist",
			);
			name = "[CP] Embed Pods Frameworks";
			outputFileListPaths = (
				"${PODS_ROOT}/Target Support Files/Pods-Tiply_v0.1/Pods-Tiply_v0.1-frameworks-${CONFIGURATION}-output-files.xcfilelist",
			);
			runOnlyForDeploymentPostprocessing = 0;
			shellPath = /bin/sh;
			shellScript = "\"${PODS_ROOT}/Target Support Files/Pods-Tiply_v0.1/Pods-Tiply_v0.1-frameworks.sh\"\n";
			showEnvVarsInLog = 0;
		};
		5609FB3B15B2B974F2F8C28E /* [CP] Check Pods Manifest.lock */ = {
			isa = PBXShellScriptBuildPhase;
			buildActionMask = 2147483647;
			files = (
			);
			inputFileListPaths = (
			);
			inputPaths = (
				"${PODS_PODFILE_DIR_PATH}/Podfile.lock",
				"${PODS_ROOT}/Manifest.lock",
			);
			name = "[CP] Check Pods Manifest.lock";
			outputFileListPaths = (
			);
			outputPaths = (
				"$(DERIVED_FILE_DIR)/Pods-Tiply_v0.1-checkManifestLockResult.txt",
			);
			runOnlyForDeploymentPostprocessing = 0;
			shellPath = /bin/sh;
			shellScript = "diff \"${PODS_PODFILE_DIR_PATH}/Podfile.lock\" \"${PODS_ROOT}/Manifest.lock\" > /dev/null\nif [ $? != 0 ] ; then\n    # print error to STDERR\n    echo \"error: The sandbox is not in sync with the Podfile.lock. Run 'pod install' or update your CocoaPods installation.\" >&2\n    exit 1\nfi\n# This output is used by Xcode 'outputs' to avoid re-running this script phase.\necho \"SUCCESS\" > \"${SCRIPT_OUTPUT_FILE_0}\"\n";
			showEnvVarsInLog = 0;
		};
/* End PBXShellScriptBuildPhase section */

/* Begin PBXSourcesBuildPhase section */
		412311852401DD4F00375AAD /* Sources */ = {
			isa = PBXSourcesBuildPhase;
			buildActionMask = 2147483647;
			files = (
				4158462024107C9500B48876 /* ItemizationViewController.swift in Sources */,
				4158461C24107B5C00B48876 /* WhoPaysViewController.swift in Sources */,
				412311912401DD4F00375AAD /* ViewController.swift in Sources */,
				65B8BC13241334B50098B2F2 /* TipCalculatorViewController.swift in Sources */,
				6548B4D824196FE3006AD6C1 /* SwipeTableViewController.swift in Sources */,
				4158461E24107BAF00B48876 /* ReviewViewController.swift in Sources */,
				4146177424149007004618C9 /* Tiply_v0.1.xcdatamodeld in Sources */,
				4123118D2401DD4F00375AAD /* AppDelegate.swift in Sources */,
				4123118F2401DD4F00375AAD /* SceneDelegate.swift in Sources */,
			);
			runOnlyForDeploymentPostprocessing = 0;
		};
/* End PBXSourcesBuildPhase section */

/* Begin PBXVariantGroup section */
		412311922401DD4F00375AAD /* Main.storyboard */ = {
			isa = PBXVariantGroup;
			children = (
				412311932401DD4F00375AAD /* Base */,
			);
			name = Main.storyboard;
			sourceTree = "<group>";
		};
		412311972401DD5100375AAD /* LaunchScreen.storyboard */ = {
			isa = PBXVariantGroup;
			children = (
				412311982401DD5100375AAD /* Base */,
			);
			name = LaunchScreen.storyboard;
			sourceTree = "<group>";
		};
/* End PBXVariantGroup section */

/* Begin XCBuildConfiguration section */
		4123119B2401DD5100375AAD /* Debug */ = {
			isa = XCBuildConfiguration;
			buildSettings = {
				ALWAYS_SEARCH_USER_PATHS = NO;
				CLANG_ANALYZER_NONNULL = YES;
				CLANG_ANALYZER_NUMBER_OBJECT_CONVERSION = YES_AGGRESSIVE;
				CLANG_CXX_LANGUAGE_STANDARD = "gnu++14";
				CLANG_CXX_LIBRARY = "libc++";
				CLANG_ENABLE_MODULES = YES;
				CLANG_ENABLE_OBJC_ARC = YES;
				CLANG_ENABLE_OBJC_WEAK = YES;
				CLANG_WARN_BLOCK_CAPTURE_AUTORELEASING = YES;
				CLANG_WARN_BOOL_CONVERSION = YES;
				CLANG_WARN_COMMA = YES;
				CLANG_WARN_CONSTANT_CONVERSION = YES;
				CLANG_WARN_DEPRECATED_OBJC_IMPLEMENTATIONS = YES;
				CLANG_WARN_DIRECT_OBJC_ISA_USAGE = YES_ERROR;
				CLANG_WARN_DOCUMENTATION_COMMENTS = YES;
				CLANG_WARN_EMPTY_BODY = YES;
				CLANG_WARN_ENUM_CONVERSION = YES;
				CLANG_WARN_INFINITE_RECURSION = YES;
				CLANG_WARN_INT_CONVERSION = YES;
				CLANG_WARN_NON_LITERAL_NULL_CONVERSION = YES;
				CLANG_WARN_OBJC_IMPLICIT_RETAIN_SELF = YES;
				CLANG_WARN_OBJC_LITERAL_CONVERSION = YES;
				CLANG_WARN_OBJC_ROOT_CLASS = YES_ERROR;
				CLANG_WARN_RANGE_LOOP_ANALYSIS = YES;
				CLANG_WARN_STRICT_PROTOTYPES = YES;
				CLANG_WARN_SUSPICIOUS_MOVE = YES;
				CLANG_WARN_UNGUARDED_AVAILABILITY = YES_AGGRESSIVE;
				CLANG_WARN_UNREACHABLE_CODE = YES;
				CLANG_WARN__DUPLICATE_METHOD_MATCH = YES;
				COPY_PHASE_STRIP = NO;
				DEBUG_INFORMATION_FORMAT = dwarf;
				ENABLE_STRICT_OBJC_MSGSEND = YES;
				ENABLE_TESTABILITY = YES;
				GCC_C_LANGUAGE_STANDARD = gnu11;
				GCC_DYNAMIC_NO_PIC = NO;
				GCC_NO_COMMON_BLOCKS = YES;
				GCC_OPTIMIZATION_LEVEL = 0;
				GCC_PREPROCESSOR_DEFINITIONS = (
					"DEBUG=1",
					"$(inherited)",
				);
				GCC_WARN_64_TO_32_BIT_CONVERSION = YES;
				GCC_WARN_ABOUT_RETURN_TYPE = YES_ERROR;
				GCC_WARN_UNDECLARED_SELECTOR = YES;
				GCC_WARN_UNINITIALIZED_AUTOS = YES_AGGRESSIVE;
				GCC_WARN_UNUSED_FUNCTION = YES;
				GCC_WARN_UNUSED_VARIABLE = YES;
				IPHONEOS_DEPLOYMENT_TARGET = 13.2;
				MTL_ENABLE_DEBUG_INFO = INCLUDE_SOURCE;
				MTL_FAST_MATH = YES;
				ONLY_ACTIVE_ARCH = YES;
				SDKROOT = iphoneos;
				SWIFT_ACTIVE_COMPILATION_CONDITIONS = DEBUG;
				SWIFT_OPTIMIZATION_LEVEL = "-Onone";
			};
			name = Debug;
		};
		4123119C2401DD5100375AAD /* Release */ = {
			isa = XCBuildConfiguration;
			buildSettings = {
				ALWAYS_SEARCH_USER_PATHS = NO;
				CLANG_ANALYZER_NONNULL = YES;
				CLANG_ANALYZER_NUMBER_OBJECT_CONVERSION = YES_AGGRESSIVE;
				CLANG_CXX_LANGUAGE_STANDARD = "gnu++14";
				CLANG_CXX_LIBRARY = "libc++";
				CLANG_ENABLE_MODULES = YES;
				CLANG_ENABLE_OBJC_ARC = YES;
				CLANG_ENABLE_OBJC_WEAK = YES;
				CLANG_WARN_BLOCK_CAPTURE_AUTORELEASING = YES;
				CLANG_WARN_BOOL_CONVERSION = YES;
				CLANG_WARN_COMMA = YES;
				CLANG_WARN_CONSTANT_CONVERSION = YES;
				CLANG_WARN_DEPRECATED_OBJC_IMPLEMENTATIONS = YES;
				CLANG_WARN_DIRECT_OBJC_ISA_USAGE = YES_ERROR;
				CLANG_WARN_DOCUMENTATION_COMMENTS = YES;
				CLANG_WARN_EMPTY_BODY = YES;
				CLANG_WARN_ENUM_CONVERSION = YES;
				CLANG_WARN_INFINITE_RECURSION = YES;
				CLANG_WARN_INT_CONVERSION = YES;
				CLANG_WARN_NON_LITERAL_NULL_CONVERSION = YES;
				CLANG_WARN_OBJC_IMPLICIT_RETAIN_SELF = YES;
				CLANG_WARN_OBJC_LITERAL_CONVERSION = YES;
				CLANG_WARN_OBJC_ROOT_CLASS = YES_ERROR;
				CLANG_WARN_RANGE_LOOP_ANALYSIS = YES;
				CLANG_WARN_STRICT_PROTOTYPES = YES;
				CLANG_WARN_SUSPICIOUS_MOVE = YES;
				CLANG_WARN_UNGUARDED_AVAILABILITY = YES_AGGRESSIVE;
				CLANG_WARN_UNREACHABLE_CODE = YES;
				CLANG_WARN__DUPLICATE_METHOD_MATCH = YES;
				COPY_PHASE_STRIP = NO;
				DEBUG_INFORMATION_FORMAT = "dwarf-with-dsym";
				ENABLE_NS_ASSERTIONS = NO;
				ENABLE_STRICT_OBJC_MSGSEND = YES;
				GCC_C_LANGUAGE_STANDARD = gnu11;
				GCC_NO_COMMON_BLOCKS = YES;
				GCC_WARN_64_TO_32_BIT_CONVERSION = YES;
				GCC_WARN_ABOUT_RETURN_TYPE = YES_ERROR;
				GCC_WARN_UNDECLARED_SELECTOR = YES;
				GCC_WARN_UNINITIALIZED_AUTOS = YES_AGGRESSIVE;
				GCC_WARN_UNUSED_FUNCTION = YES;
				GCC_WARN_UNUSED_VARIABLE = YES;
				IPHONEOS_DEPLOYMENT_TARGET = 13.2;
				MTL_ENABLE_DEBUG_INFO = NO;
				MTL_FAST_MATH = YES;
				SDKROOT = iphoneos;
				SWIFT_COMPILATION_MODE = wholemodule;
				SWIFT_OPTIMIZATION_LEVEL = "-O";
				VALIDATE_PRODUCT = YES;
			};
			name = Release;
		};
		4123119E2401DD5100375AAD /* Debug */ = {
			isa = XCBuildConfiguration;
			baseConfigurationReference = 658D9CD184AB113E41D5FD74 /* Pods-Tiply_v0.1.debug.xcconfig */;
			buildSettings = {
				ASSETCATALOG_COMPILER_APPICON_NAME = AppIcon;
				CODE_SIGN_STYLE = Automatic;
				DEVELOPMENT_TEAM = HRSBLF542J;
				INFOPLIST_FILE = Tiply_v0.1/Info.plist;
				LD_RUNPATH_SEARCH_PATHS = (
					"$(inherited)",
					"@executable_path/Frameworks",
				);
				PRODUCT_BUNDLE_IDENTIFIER = "com.syedali.Tiply-v0-1";
				PRODUCT_NAME = "$(TARGET_NAME)";
				SWIFT_VERSION = 5.0;
				TARGETED_DEVICE_FAMILY = "1,2";
			};
			name = Debug;
		};
		4123119F2401DD5100375AAD /* Release */ = {
			isa = XCBuildConfiguration;
			baseConfigurationReference = 9D761494CDD25B055F653153 /* Pods-Tiply_v0.1.release.xcconfig */;
			buildSettings = {
				ASSETCATALOG_COMPILER_APPICON_NAME = AppIcon;
				CODE_SIGN_STYLE = Automatic;
				DEVELOPMENT_TEAM = HRSBLF542J;
				INFOPLIST_FILE = Tiply_v0.1/Info.plist;
				LD_RUNPATH_SEARCH_PATHS = (
					"$(inherited)",
					"@executable_path/Frameworks",
				);
				PRODUCT_BUNDLE_IDENTIFIER = "com.syedali.Tiply-v0-1";
				PRODUCT_NAME = "$(TARGET_NAME)";
				SWIFT_VERSION = 5.0;
				TARGETED_DEVICE_FAMILY = "1,2";
			};
			name = Release;
		};
/* End XCBuildConfiguration section */

/* Begin XCConfigurationList section */
		412311842401DD4F00375AAD /* Build configuration list for PBXProject "Tiply_v0.1" */ = {
			isa = XCConfigurationList;
			buildConfigurations = (
				4123119B2401DD5100375AAD /* Debug */,
				4123119C2401DD5100375AAD /* Release */,
			);
			defaultConfigurationIsVisible = 0;
			defaultConfigurationName = Release;
		};
		4123119D2401DD5100375AAD /* Build configuration list for PBXNativeTarget "Tiply_v0.1" */ = {
			isa = XCConfigurationList;
			buildConfigurations = (
				4123119E2401DD5100375AAD /* Debug */,
				4123119F2401DD5100375AAD /* Release */,
			);
			defaultConfigurationIsVisible = 0;
			defaultConfigurationName = Release;
		};
/* End XCConfigurationList section */

/* Begin XCVersionGroup section */
		4146177224149007004618C9 /* Tiply_v0.1.xcdatamodeld */ = {
			isa = XCVersionGroup;
			children = (
				4146177324149007004618C9 /* Tiply_v0.1.xcdatamodel */,
			);
			currentVersion = 4146177324149007004618C9 /* Tiply_v0.1.xcdatamodel */;
			path = Tiply_v0.1.xcdatamodeld;
			sourceTree = "<group>";
			versionGroupType = wrapper.xcdatamodel;
		};
/* End XCVersionGroup section */
	};
	rootObject = 412311812401DD4F00375AAD /* Project object */;
}
